
Microsoft Visual Studio Solution File, Format Version 12.00
# Visual Studio Version 17
VisualStudioVersion = 17.6.33829.357
MinimumVisualStudioVersion = 10.0.40219.1
Project("{FAE04EC0-301F-11D3-BF4B-00C04F79EFBC}") = "CodingTracker", "CodingTracker.csproj", "{8EAAD9BC-C488-4EFF-8602-E488811E11E3}"
EndProject
Global
	GlobalSection(SolutionConfigurationPlatforms) = preSolution
		Debug|Any CPU = Debug|Any CPU
		Release|Any CPU = Release|Any CPU
	EndGlobalSection
	GlobalSection(ProjectConfigurationPlatforms) = postSolution
		{8EAAD9BC-C488-4EFF-8602-E488811E11E3}.Debug|Any CPU.ActiveCfg = Debug|Any CPU
		{8EAAD9BC-C488-4EFF-8602-E488811E11E3}.Debug|Any CPU.Build.0 = Debug|Any CPU
		{8EAAD9BC-C488-4EFF-8602-E488811E11E3}.Release|Any CPU.ActiveCfg = Release|Any CPU
		{8EAAD9BC-C488-4EFF-8602-E488811E11E3}.Release|Any CPU.Build.0 = Release|Any CPU
	EndGlobalSection
	GlobalSection(SolutionProperties) = preSolution
		HideSolutionNode = FALSE
	EndGlobalSection
	GlobalSection(ExtensibilityGlobals) = postSolution
		SolutionGuid = {FA1DCBE4-A329-440F-8ED6-52014B896966}
	EndGlobalSection
EndGlobal
